
Microsoft Visual Studio Solution File, Format Version 12.00
# Visual Studio Version 16
VisualStudioVersion = 16.0.31105.61
MinimumVisualStudioVersion = 10.0.40219.1
Project("{FAE04EC0-301F-11D3-BF4B-00C04F79EFBC}") = "Vacation", "Vacation\Vacation.csproj", "{D1BCDD90-5764-440A-B102-CEC76ABBEEA1}"
EndProject
Global
	GlobalSection(SolutionConfigurationPlatforms) = preSolution
		Debug|Any CPU = Debug|Any CPU
		Release|Any CPU = Release|Any CPU
	EndGlobalSection
	GlobalSection(ProjectConfigurationPlatforms) = postSolution
		{D1BCDD90-5764-440A-B102-CEC76ABBEEA1}.Debug|Any CPU.ActiveCfg = Debug|Any CPU
		{D1BCDD90-5764-440A-B102-CEC76ABBEEA1}.Debug|Any CPU.Build.0 = Debug|Any CPU
		{D1BCDD90-5764-440A-B102-CEC76ABBEEA1}.Release|Any CPU.ActiveCfg = Release|Any CPU
		{D1BCDD90-5764-440A-B102-CEC76ABBEEA1}.Release|Any CPU.Build.0 = Release|Any CPU
	EndGlobalSection
	GlobalSection(SolutionProperties) = preSolution
		HideSolutionNode = FALSE
	EndGlobalSection
	GlobalSection(ExtensibilityGlobals) = postSolution
		SolutionGuid = {F05E2379-323E-46E0-92CA-D776555BA6D9}
	EndGlobalSection
EndGlobal
